
Microsoft Visual Studio Solution File, Format Version 12.00
# Visual Studio 2013
VisualStudioVersion = 12.0.30723.0
MinimumVisualStudioVersion = 10.0.40219.1
Project("{FAE04EC0-301F-11D3-BF4B-00C04F79EFBC}") = "ECE4180FinalProject", "ECE4180FinalProject\ECE4180FinalProject.csproj", "{53E2A951-3B56-45B9-96DD-1A396D8E365D}"
EndProject
Project("{FAE04EC0-301F-11D3-BF4B-00C04F79EFBC}") = "Emgu.CV", "Emgu.CV\Emgu.CV.csproj", "{9A1A77FE-F01B-495E-87B7-4B16E4F8C908}"
EndProject
Project("{FAE04EC0-301F-11D3-BF4B-00C04F79EFBC}") = "Emgu.Util", "Emgu.Util\Emgu.Util.csproj", "{7C2C5325-8235-4A24-9C67-6BD79A4679E2}"
EndProject
Global
	GlobalSection(SolutionConfigurationPlatforms) = preSolution
		Debug|Any CPU = Debug|Any CPU
		Release|Any CPU = Release|Any CPU
	EndGlobalSection
	GlobalSection(ProjectConfigurationPlatforms) = postSolution
		{53E2A951-3B56-45B9-96DD-1A396D8E365D}.Debug|Any CPU.ActiveCfg = Debug|Any CPU
		{53E2A951-3B56-45B9-96DD-1A396D8E365D}.Debug|Any CPU.Build.0 = Debug|Any CPU
		{53E2A951-3B56-45B9-96DD-1A396D8E365D}.Release|Any CPU.ActiveCfg = Release|Any CPU
		{53E2A951-3B56-45B9-96DD-1A396D8E365D}.Release|Any CPU.Build.0 = Release|Any CPU
		{9A1A77FE-F01B-495E-87B7-4B16E4F8C908}.Debug|Any CPU.ActiveCfg = Debug|Any CPU
		{9A1A77FE-F01B-495E-87B7-4B16E4F8C908}.Debug|Any CPU.Build.0 = Debug|Any CPU
		{9A1A77FE-F01B-495E-87B7-4B16E4F8C908}.Release|Any CPU.ActiveCfg = Release|Any CPU
		{9A1A77FE-F01B-495E-87B7-4B16E4F8C908}.Release|Any CPU.Build.0 = Release|Any CPU
		{7C2C5325-8235-4A24-9C67-6BD79A4679E2}.Debug|Any CPU.ActiveCfg = Debug|Any CPU
		{7C2C5325-8235-4A24-9C67-6BD79A4679E2}.Debug|Any CPU.Build.0 = Debug|Any CPU
		{7C2C5325-8235-4A24-9C67-6BD79A4679E2}.Release|Any CPU.ActiveCfg = Release|Any CPU
		{7C2C5325-8235-4A24-9C67-6BD79A4679E2}.Release|Any CPU.Build.0 = Release|Any CPU
	EndGlobalSection
	GlobalSection(SolutionProperties) = preSolution
		HideSolutionNode = FALSE
	EndGlobalSection
EndGlobal
